<Solution>
  <Project Path="Assembly-CSharp.csproj" />
  <Project Path="Unity.ProBuilder.Csg.csproj" />
  <Project Path="Unity.XR.Interaction.Toolkit.Samples.StarterAssets.csproj" />
  <Project Path="Assembly-CSharp-Editor.csproj" />
  <Project Path="Parabox.CSG.Demo.csproj" />
  <Project Path="Unity.XR.Interaction.Toolkit.Samples.StarterAssets.Editor.csproj" />
</Solution>
